{
  "name": "chatbot",
  "version": "1.0.0",
  "lockfileVersion": 1,
  "requires": true,
  "dependencies": {
    "@microsoft/recognizers-text": {
      "version": "1.3.0",
      "resolved": "https://registry.npmjs.org/@microsoft/recognizers-text/-/recognizers-text-1.3.0.tgz",
      "integrity": "sha512-0gUhtS/0qSF6veB3Olu55IuJ0Skwg4u1IbJX9KFj1QeK8z6cw69/p637IPD2NgXLlXCy2HEqLvUW/mgbDp3rWg=="
    },
    "@microsoft/recognizers-text-choice": {
      "version": "1.3.0",
      "resolved": "https://registry.npmjs.org/@microsoft/recognizers-text-choice/-/recognizers-text-choice-1.3.0.tgz",
      "integrity": "sha512-I2LQAJJ9TJthJYWZNzooJD6+5KUkr+H+m54XpjY+vKjR81DPVFUL/SWZVyv+cC7eePFwrDv3gUnkXYS+Lp0hmA==",
      "requires": {
        "@microsoft/recognizers-text": "~1.3.0",
        "grapheme-splitter": "^1.0.2"
      }
    },
    "@microsoft/recognizers-text-data-types-timex-expression": {
      "version": "1.3.0",
      "resolved": "https://registry.npmjs.org/@microsoft/recognizers-text-data-types-timex-expression/-/recognizers-text-data-types-timex-expression-1.3.0.tgz",
      "integrity": "sha512-REHUXmMUI1jL3b9v+aSdzKxLxRdejsfg9McYRxY3LW0Gu4UbwD7Q+K6mtSo40cwg8uh6fiV9GY8hDuKXHH6dVA=="
    },
    "@microsoft/recognizers-text-date-time": {
      "version": "1.3.0",
      "resolved": "https://registry.npmjs.org/@microsoft/recognizers-text-date-time/-/recognizers-text-date-time-1.3.0.tgz",
      "integrity": "sha512-bgw4TS726maTg53M6SQRHQOzOH0za0zmBWnnGo0wQdbDfK+bgq5aeDSD4k/HhXvfkOD6zzRd3+tG3Dqyp/kFaQ==",
      "requires": {
        "@microsoft/recognizers-text": "~1.3.0",
        "@microsoft/recognizers-text-number": "~1.3.0",
        "@microsoft/recognizers-text-number-with-unit": "~1.3.0",
        "lodash.isequal": "^4.5.0",
        "lodash.tonumber": "^4.0.3"
      }
    },
    "@microsoft/recognizers-text-number": {
      "version": "1.3.0",
      "resolved": "https://registry.npmjs.org/@microsoft/recognizers-text-number/-/recognizers-text-number-1.3.0.tgz",
      "integrity": "sha512-KVFxvaXW9E7UkuF0EYCghvCn0u+N5L7bBXeP4IKB6fXkQd6GAZ9zNA2Acdm9lJzCRxcsBYFbRLcRMrPHwAa32w==",
      "requires": {
        "@microsoft/recognizers-text": "~1.3.0",
        "bignumber.js": "^7.2.1",
        "lodash.escaperegexp": "^4.1.2",
        "lodash.sortby": "^4.7.0",
        "lodash.trimend": "^4.5.1"
      }
    },
    "@microsoft/recognizers-text-number-with-unit": {
      "version": "1.3.0",
      "resolved": "https://registry.npmjs.org/@microsoft/recognizers-text-number-with-unit/-/recognizers-text-number-with-unit-1.3.0.tgz",
      "integrity": "sha512-FxBD1ZQLvr4c+ssVyqUjblg+i21GbzIsDEHd5VWon5wg+2qrqixlmP1mXsXG+iGRV3qqeZCtTFdqkwJ3MWhovA==",
      "requires": {
        "@microsoft/recognizers-text": "~1.3.0",
        "@microsoft/recognizers-text-number": "~1.3.0",
        "lodash.escaperegexp": "^4.1.2",
        "lodash.last": "^3.0.0",
        "lodash.max": "^4.0.1"
      }
    },
    "@microsoft/recognizers-text-sequence": {
      "version": "1.3.0",
      "resolved": "https://registry.npmjs.org/@microsoft/recognizers-text-sequence/-/recognizers-text-sequence-1.3.0.tgz",
      "integrity": "sha512-LXZ9AakClrdPVfEphCJFETjw6n8w/LwW1Yoj9ZKcGI9PGvH6RR+haS4GSZuHeMhEacmaa3NkzD+I44qYIvym8Q==",
      "requires": {
        "@microsoft/recognizers-text": "~1.3.0",
        "grapheme-splitter": "^1.0.2"
      }
    },
    "@microsoft/recognizers-text-suite": {
      "version": "1.3.0",
      "resolved": "https://registry.npmjs.org/@microsoft/recognizers-text-suite/-/recognizers-text-suite-1.3.0.tgz",
      "integrity": "sha512-uqG4vzy5N2CmBaeINny0bLdnGp0jDbT1moNoLC+Yim3G8kHOU9lpDfwA6VN6HTYaDM5854SNMEzLjJdS1TPFTw==",
      "requires": {
        "@microsoft/recognizers-text": "~1.3.0",
        "@microsoft/recognizers-text-choice": "~1.3.0",
        "@microsoft/recognizers-text-data-types-timex-expression": "~1.3.0",
        "@microsoft/recognizers-text-date-time": "~1.3.0",
        "@microsoft/recognizers-text-number": "~1.3.0",
        "@microsoft/recognizers-text-number-with-unit": "~1.3.0",
        "@microsoft/recognizers-text-sequence": "~1.3.0"
      }
    },
    "@nlpjs/builtin-duckling": {
      "version": "4.25.0",
      "resolved": "https://registry.npmjs.org/@nlpjs/builtin-duckling/-/builtin-duckling-4.25.0.tgz",
      "integrity": "sha512-KJ9t639hZ5fHLMnTV90G5ZPsPGn+yrJIcu57x1dv/vJWVPNxx64egIAbI4KqMkRaWCPdThKjild5FgP0NcUL4Q==",
      "requires": {
        "@nlpjs/core": "^4.25.0"
      }
    },
    "@nlpjs/builtin-microsoft": {
      "version": "4.25.0",
      "resolved": "https://registry.npmjs.org/@nlpjs/builtin-microsoft/-/builtin-microsoft-4.25.0.tgz",
      "integrity": "sha512-BDeiG/L5V0v0+zU2u3WhU/23mszuj3TpH8IZV8R1i6BNQvpKrXQSHAz2+AOTW3uSn1f7Z/r8lxkDsYCysmEWEw==",
      "requires": {
        "@microsoft/recognizers-text-suite": "1.3.0",
        "@nlpjs/core": "^4.25.0"
      }
    },
    "@nlpjs/core": {
      "version": "4.25.0",
      "resolved": "https://registry.npmjs.org/@nlpjs/core/-/core-4.25.0.tgz",
      "integrity": "sha512-lqsaXz4QfEVVoj2XFZV5xzyVcpQIgv8n4RCv6oqL9FL06mxhMgB4Xqv0W+kaUxClDlNiVxGD02jYGQfvlcks5g=="
    },
    "@nlpjs/core-loader": {
      "version": "4.25.0",
      "resolved": "https://registry.npmjs.org/@nlpjs/core-loader/-/core-loader-4.25.0.tgz",
      "integrity": "sha512-9DXu48rsujhAuDStcLK40zVXT8RBfsP6znJxrtdgZ8I0xTAW6JGe35OSfup6sG/sA0KCcgu22t6VKKVm7zX6Og==",
      "requires": {
        "@nlpjs/core": "^4.25.0",
        "@nlpjs/request": "^4.25.0"
      }
    },
    "@nlpjs/emoji": {
      "version": "4.25.0",
      "resolved": "https://registry.npmjs.org/@nlpjs/emoji/-/emoji-4.25.0.tgz",
      "integrity": "sha512-8q4BVeqRysP2nC+9m51IiKZpXbMgjzNyRpQIsYScZvoYSh/ic4L7XzNitFhVoc6FYqwguomNwkYR1nCTj3dUOw==",
      "requires": {
        "@nlpjs/core": "^4.25.0"
      }
    },
    "@nlpjs/evaluator": {
      "version": "4.26.0",
      "resolved": "https://registry.npmjs.org/@nlpjs/evaluator/-/evaluator-4.26.0.tgz",
      "integrity": "sha512-6u1TEZEpYYma/JG1z1XCqMOMIafNS3Wy1+Dp+DBI2I20oTilJvxIRr5FRVNwLFwLtV40xJK8uHrcH4MoYLwJmg==",
      "requires": {
        "escodegen": "^2.0.0",
        "esprima": "^4.0.1"
      }
    },
    "@nlpjs/lang-all": {
      "version": "4.25.0",
      "resolved": "https://registry.npmjs.org/@nlpjs/lang-all/-/lang-all-4.25.0.tgz",
      "integrity": "sha512-dMuCw2UXSbzn15wadseiMRPRi3tnt8FCxeSJeJA7r2CKlS57PtfIiwVDoEbhsO/YXby1TyPl6L3nh8N18sswNg==",
      "requires": {
        "@nlpjs/core": "^4.25.0",
        "@nlpjs/lang-ar": "^4.25.0",
        "@nlpjs/lang-bn": "^4.25.0",
        "@nlpjs/lang-ca": "^4.25.0",
        "@nlpjs/lang-cs": "^4.25.0",
        "@nlpjs/lang-da": "^4.25.0",
        "@nlpjs/lang-de": "^4.25.0",
        "@nlpjs/lang-el": "^4.25.0",
        "@nlpjs/lang-en": "^4.25.0",
        "@nlpjs/lang-es": "^4.25.0",
        "@nlpjs/lang-eu": "^4.25.0",
        "@nlpjs/lang-fa": "^4.25.0",
        "@nlpjs/lang-fi": "^4.25.0",
        "@nlpjs/lang-fr": "^4.25.0",
        "@nlpjs/lang-ga": "^4.25.0",
        "@nlpjs/lang-gl": "^4.25.0",
        "@nlpjs/lang-hi": "^4.25.0",
        "@nlpjs/lang-hu": "^4.25.0",
        "@nlpjs/lang-hy": "^4.25.0",
        "@nlpjs/lang-id": "^4.25.0",
        "@nlpjs/lang-it": "^4.25.0",
        "@nlpjs/lang-ja": "^4.25.0",
        "@nlpjs/lang-ko": "^4.25.0",
        "@nlpjs/lang-lt": "^4.25.0",
        "@nlpjs/lang-ms": "^4.25.0",
        "@nlpjs/lang-ne": "^4.25.0",
        "@nlpjs/lang-nl": "^4.25.0",
        "@nlpjs/lang-no": "^4.25.0",
        "@nlpjs/lang-pl": "^4.25.0",
        "@nlpjs/lang-pt": "^4.25.0",
        "@nlpjs/lang-ro": "^4.25.0",
        "@nlpjs/lang-ru": "^4.25.0",
        "@nlpjs/lang-sl": "^4.25.0",
        "@nlpjs/lang-sr": "^4.25.0",
        "@nlpjs/lang-sv": "^4.25.0",
        "@nlpjs/lang-ta": "^4.25.0",
        "@nlpjs/lang-th": "^4.25.0",
        "@nlpjs/lang-tl": "^4.25.0",
        "@nlpjs/lang-tr": "^4.25.0",
        "@nlpjs/lang-uk": "^4.25.0",
        "@nlpjs/lang-zh": "^4.25.0",
        "@nlpjs/language": "^4.25.0"
      }
    },
    "@nlpjs/lang-ar": {
      "version": "4.25.0",
      "resolved": "https://registry.npmjs.org/@nlpjs/lang-ar/-/lang-ar-4.25.0.tgz",
      "integrity": "sha512-gqMCW5SwlBEvd7PvoVLBXZ5Eqc3dmMOD8S8iO/jVSgpZGVqKLkUX+e5UuC5wG2EC7hwuNB8JzMu3uQliabu3vw==",
      "requires": {
        "@nlpjs/core": "^4.25.0"
      }
    },
    "@nlpjs/lang-bn": {
      "version": "4.25.0",
      "resolved": "https://registry.npmjs.org/@nlpjs/lang-bn/-/lang-bn-4.25.0.tgz",
      "integrity": "sha512-Umk43jdTXw878Ip1wiSAxSgLMD2CRCTlQWLdodNqHO/Q3fyYJzCLmKP7y351pjgD5rosBgejRUqxMmTsQ2Jxrw==",
      "requires": {
        "@nlpjs/core": "^4.25.0"
      }
    },
    "@nlpjs/lang-ca": {
      "version": "4.25.0",
      "resolved": "https://registry.npmjs.org/@nlpjs/lang-ca/-/lang-ca-4.25.0.tgz",
      "integrity": "sha512-z63vkpBM8OZonxepg/j3fBJXLRMTFqe4aAUWoVAnRHr5rWc12AUBK5fW1Czdgp6ZQAMLxoGdmuwji6aj4Lg5Lw==",
      "requires": {
        "@nlpjs/core": "^4.25.0"
      }
    },
    "@nlpjs/lang-cs": {
      "version": "4.25.0",
      "resolved": "https://registry.npmjs.org/@nlpjs/lang-cs/-/lang-cs-4.25.0.tgz",
      "integrity": "sha512-+InEjULeLoyLWsB3Lr91ORnsyE6QgeDgASR/nWvRBpyHF91NL6dT5U0gsmFcRWrZUL2Km/bvQmqDLomdT6DwMQ==",
      "requires": {
        "@nlpjs/core": "^4.25.0"
      }
    },
    "@nlpjs/lang-da": {
      "version": "4.25.0",
      "resolved": "https://registry.npmjs.org/@nlpjs/lang-da/-/lang-da-4.25.0.tgz",
      "integrity": "sha512-Bq3IYO7dzYiKp/vPbyKDTBan3VTueDdCk7GGbhBkU18Adx0VEz+HxU746QMRLX1mpQw5iIqdhl4vISD0sd808g==",
      "requires": {
        "@nlpjs/core": "^4.25.0"
      }
    },
    "@nlpjs/lang-de": {
      "version": "4.25.0",
      "resolved": "https://registry.npmjs.org/@nlpjs/lang-de/-/lang-de-4.25.0.tgz",
      "integrity": "sha512-otBGQ2EhtXxf5G1AthRPySzZH2WRZ+Ib84LgfP5nUZgW7PpqO/LBnTVVNvy+3XtjOkaLR+kUF9mIyewT/Yo9HA==",
      "requires": {
        "@nlpjs/core": "^4.25.0"
      }
    },
    "@nlpjs/lang-el": {
      "version": "4.25.0",
      "resolved": "https://registry.npmjs.org/@nlpjs/lang-el/-/lang-el-4.25.0.tgz",
      "integrity": "sha512-NaP82hiNh9PNeu92RYI6vPCaURL87wZ4Z1OVILpfr5cbuxrQyEX6OrchxLYPShzC0TSvtXpK3awNY00TmjsBow==",
      "requires": {
        "@nlpjs/core": "^4.25.0"
      }
    },
    "@nlpjs/lang-en": {
      "version": "4.25.0",
      "resolved": "https://registry.npmjs.org/@nlpjs/lang-en/-/lang-en-4.25.0.tgz",
      "integrity": "sha512-R6XFaxn7dkJuKpjRDC0L7LLA+/vIjzIElEC8pf/rDX7myIJ8wSYR8OdmDBo78Ua9+OHwkqy26hRo9XvlmbR66g==",
      "requires": {
        "@nlpjs/core": "^4.25.0",
        "@nlpjs/lang-en-min": "^4.25.0"
      }
    },
    "@nlpjs/lang-en-min": {
      "version": "4.25.0",
      "resolved": "https://registry.npmjs.org/@nlpjs/lang-en-min/-/lang-en-min-4.25.0.tgz",
      "integrity": "sha512-Geu5szy1WTFnP2YuiBf89kUE8eZGVc/o23MwdQZHkTDL6ZuZHlTgyKp1IVALiVvsexaLCj2SS1oBvs7bjaYmOA==",
      "requires": {
        "@nlpjs/core": "^4.25.0"
      }
    },
    "@nlpjs/lang-es": {
      "version": "4.25.0",
      "resolved": "https://registry.npmjs.org/@nlpjs/lang-es/-/lang-es-4.25.0.tgz",
      "integrity": "sha512-/2tkxcf973Tk808UxDywie4yGs4GWj+vXiEiPTielD7SPwOCP+icGH5+b8CrB0QGUsWbCM5Yi6E6IqGQoQOGkQ==",
      "requires": {
        "@nlpjs/core": "^4.25.0"
      }
    },
    "@nlpjs/lang-eu": {
      "version": "4.25.0",
      "resolved": "https://registry.npmjs.org/@nlpjs/lang-eu/-/lang-eu-4.25.0.tgz",
      "integrity": "sha512-+VfpOUYzjXYc8XzhQfFALt34OA8BZci+7xwnYkFxdqIJV9ya/e2mTAl7YHWJF2UmcUyJpWDkWaurvJi/GtRvrg==",
      "requires": {
        "@nlpjs/core": "^4.25.0"
      }
    },
    "@nlpjs/lang-fa": {
      "version": "4.25.0",
      "resolved": "https://registry.npmjs.org/@nlpjs/lang-fa/-/lang-fa-4.25.0.tgz",
      "integrity": "sha512-9B6VhS/334ybrtyWz8eHIzWZ5qMj4SXKz7Dkh5B2a0EyJVhu/P/t6iw1L5J1RMSMAQvT+5/Z/Egaa1NeqEfeRw==",
      "requires": {
        "@nlpjs/core": "^4.25.0"
      }
    },
    "@nlpjs/lang-fi": {
      "version": "4.25.0",
      "resolved": "https://registry.npmjs.org/@nlpjs/lang-fi/-/lang-fi-4.25.0.tgz",
      "integrity": "sha512-6sVUK0K3V9tjkzZm/LUAJGEmZvSbqS9PC45ZX6oAEqlnbrluVHAHTImXZQQvbgjLifkHbbgFWFBHa+jP3bQFiQ==",
      "requires": {
        "@nlpjs/core": "^4.25.0"
      }
    },
    "@nlpjs/lang-fr": {
      "version": "4.25.0",
      "resolved": "https://registry.npmjs.org/@nlpjs/lang-fr/-/lang-fr-4.25.0.tgz",
      "integrity": "sha512-5ylhQa3z+7CxqIuPiP0NmI9RdlXMKPmddRmtxBVTrXSNxITSTc0vnL0/jCj82wkeXb2MbOyo2NwAv6K7G+4RbQ==",
      "requires": {
        "@nlpjs/core": "^4.25.0"
      }
    },
    "@nlpjs/lang-ga": {
      "version": "4.25.0",
      "resolved": "https://registry.npmjs.org/@nlpjs/lang-ga/-/lang-ga-4.25.0.tgz",
      "integrity": "sha512-KuSi3Qg4b00OaHBqwGYEEhNrEhgpM3VBz2/HNNliKvOTTpXFUJxO0Z2BUtEDuySuc1E7jeyyzqFvfs1DPprDdQ==",
      "requires": {
        "@nlpjs/core": "^4.25.0"
      }
    },
    "@nlpjs/lang-gl": {
      "version": "4.25.0",
      "resolved": "https://registry.npmjs.org/@nlpjs/lang-gl/-/lang-gl-4.25.0.tgz",
      "integrity": "sha512-SdssYd3yzH1NbLrROP3EU0pH37ZWrziZIfYnwpiNHXOK1+j4Bjz/bcz7Sfoq1E4pCFjamLpu4+rJ3QaXe8SA7Q==",
      "requires": {
        "@nlpjs/core": "^4.25.0"
      }
    },
    "@nlpjs/lang-hi": {
      "version": "4.25.0",
      "resolved": "https://registry.npmjs.org/@nlpjs/lang-hi/-/lang-hi-4.25.0.tgz",
      "integrity": "sha512-h1ny/n4LCYjXVuOnJ5fLtxd7zH96nfQgL1Dz+w8Fl24OLOZujRgArLcLVjaadXejDI51W2shLFvdMEv99x9LkQ==",
      "requires": {
        "@nlpjs/core": "^4.25.0"
      }
    },
    "@nlpjs/lang-hu": {
      "version": "4.25.0",
      "resolved": "https://registry.npmjs.org/@nlpjs/lang-hu/-/lang-hu-4.25.0.tgz",
      "integrity": "sha512-xlw8O7D7psQrGqXD6mWpuHDlXxUuOyulBYDdi8+r+F1pT9t0yqsUKAaHZATtX475JMt16Jrn4GEn4rTDI518VQ==",
      "requires": {
        "@nlpjs/core": "^4.25.0"
      }
    },
    "@nlpjs/lang-hy": {
      "version": "4.25.0",
      "resolved": "https://registry.npmjs.org/@nlpjs/lang-hy/-/lang-hy-4.25.0.tgz",
      "integrity": "sha512-JlYvy5S+j34kh7A73sIrbfnZuZAQmWGLLywhVzm8jpa/bzJVtaernmsGxT05RucV9A2T5L7mYcRvNFM0TjpL8g==",
      "requires": {
        "@nlpjs/core": "^4.25.0"
      }
    },
    "@nlpjs/lang-id": {
      "version": "4.25.0",
      "resolved": "https://registry.npmjs.org/@nlpjs/lang-id/-/lang-id-4.25.0.tgz",
      "integrity": "sha512-SkjClbjM22lWP3XxiBJHzm8q91ub98ZxzOvQm4c4Tx/cbzhv2TjwOCIoi6btcVNo742iBcnE+RvwNjPeLJm0NA==",
      "requires": {
        "@nlpjs/core": "^4.25.0"
      }
    },
    "@nlpjs/lang-it": {
      "version": "4.25.0",
      "resolved": "https://registry.npmjs.org/@nlpjs/lang-it/-/lang-it-4.25.0.tgz",
      "integrity": "sha512-E+NXId/Z96YZcJi+sJVSjTEWkimVW84UJUzz+UT2IMKrEzaJ5XP1IqlKp77QKzq7EZ2tHHgdneeXIWh3jT4fXg==",
      "requires": {
        "@nlpjs/core": "^4.25.0"
      }
    },
    "@nlpjs/lang-ja": {
      "version": "4.25.0",
      "resolved": "https://registry.npmjs.org/@nlpjs/lang-ja/-/lang-ja-4.25.0.tgz",
      "integrity": "sha512-0Evhmtd6M1UrSCRGPsBm4Vt4YFkUdk+OH4bKYbEBdbbPRMbwrJ9PyXkvE2GT2bhBdmtu3kedmwF2s6bE3xxO8w==",
      "requires": {
        "@nlpjs/core": "^4.25.0",
        "kuromoji": "^0.1.2"
      }
    },
    "@nlpjs/lang-ko": {
      "version": "4.25.0",
      "resolved": "https://registry.npmjs.org/@nlpjs/lang-ko/-/lang-ko-4.25.0.tgz",
      "integrity": "sha512-kK7JyA935T+JtRECRGXPqv+bcUcm8A0OwcY9hJMyiqEGs1xNCI57JJ1139PWIAu+JFMgGVoyU4pgx+JrgGETwQ==",
      "requires": {
        "@nlpjs/core": "^4.25.0"
      }
    },
    "@nlpjs/lang-lt": {
      "version": "4.25.0",
      "resolved": "https://registry.npmjs.org/@nlpjs/lang-lt/-/lang-lt-4.25.0.tgz",
      "integrity": "sha512-T+CzZLxIUW3lRhl5AYxxHh2Rghokjhfzol5NBcmTcdwuky2W7cJWiPT8r2Vq1O+5uep3REzWJzcnhMBVa3yVNg==",
      "requires": {
        "@nlpjs/core": "^4.25.0"
      }
    },
    "@nlpjs/lang-ms": {
      "version": "4.25.0",
      "resolved": "https://registry.npmjs.org/@nlpjs/lang-ms/-/lang-ms-4.25.0.tgz",
      "integrity": "sha512-PlTXVvwjMujKwPACExEXJ8aXvc4oDvjzlbbOE8RAxgadsnCjfTGQWpNVy9mNQUA3xe7pM5xwzMQ1gQhRJA0tTQ==",
      "requires": {
        "@nlpjs/core": "^4.25.0",
        "@nlpjs/lang-id": "^4.25.0"
      }
    },
    "@nlpjs/lang-ne": {
      "version": "4.25.0",
      "resolved": "https://registry.npmjs.org/@nlpjs/lang-ne/-/lang-ne-4.25.0.tgz",
      "integrity": "sha512-0epxJ3Wa6GZ1ndWAPCprTMRiKYlluiFIDjrvBiaVAmi5MTlZ8QZ0JM/LNEp7ZeLb6x3tk5yJL3VtXHsnLRw7Cg==",
      "requires": {
        "@nlpjs/core": "^4.25.0"
      }
    },
    "@nlpjs/lang-nl": {
      "version": "4.25.0",
      "resolved": "https://registry.npmjs.org/@nlpjs/lang-nl/-/lang-nl-4.25.0.tgz",
      "integrity": "sha512-vy2xefrMDBqU1OV4mjTbr3tbUi+k5cQ41ksQhmjUdPsUKLx6OxUISteR4dUBG9geFIjMEY3RrZoW77isPaVmtA==",
      "requires": {
        "@nlpjs/core": "^4.25.0"
      }
    },
    "@nlpjs/lang-no": {
      "version": "4.25.0",
      "resolved": "https://registry.npmjs.org/@nlpjs/lang-no/-/lang-no-4.25.0.tgz",
      "integrity": "sha512-btv/750iZ2etn2CuusCsTwCDoEZsucGm9fxOL+sAJANcIpd2illyYIY6aEHlV6RFtTORe3h6aTTwOjKXMgDEag==",
      "requires": {
        "@nlpjs/core": "^4.25.0"
      }
    },
    "@nlpjs/lang-pl": {
      "version": "4.25.0",
      "resolved": "https://registry.npmjs.org/@nlpjs/lang-pl/-/lang-pl-4.25.0.tgz",
      "integrity": "sha512-KRSx2XRVsCSRDeZ+wjVd7KAdl6GDZHCIALv9BdIOkW46Po0AT4ibcU5UkNWNQyVja2offzX/CGqGX/vsIDcBFw==",
      "requires": {
        "@nlpjs/core": "^4.25.0"
      }
    },
    "@nlpjs/lang-pt": {
      "version": "4.25.0",
      "resolved": "https://registry.npmjs.org/@nlpjs/lang-pt/-/lang-pt-4.25.0.tgz",
      "integrity": "sha512-yJwnK4IJY3boaKT51CTlHpufcyidbB4f+1xi2VpAKGVMS/cVg/m5ngeaDtoi/5yPJsVXC7GLSn7iIYQfUKvkxQ==",
      "requires": {
        "@nlpjs/core": "^4.25.0"
      }
    },
    "@nlpjs/lang-ro": {
      "version": "4.25.0",
      "resolved": "https://registry.npmjs.org/@nlpjs/lang-ro/-/lang-ro-4.25.0.tgz",
      "integrity": "sha512-D9PnKbk6DveyOdbctk/xY2gXk7Yu4vJnHsWPh6NEgBFsRRdw5MXt/dEWbpg4+9WsS+Xp/aPzlEO35d699nD+yA==",
      "requires": {
        "@nlpjs/core": "^4.25.0"
      }
    },
    "@nlpjs/lang-ru": {
      "version": "4.25.0",
      "resolved": "https://registry.npmjs.org/@nlpjs/lang-ru/-/lang-ru-4.25.0.tgz",
      "integrity": "sha512-bbgpv6jReSFl3S6CLFzVodHexXB2sMawlLUJ+BwcwQbIWunisdsCRjjLtUHYLhFda/46CikU+0ZvV9j/WwwZPw==",
      "requires": {
        "@nlpjs/core": "^4.25.0"
      }
    },
    "@nlpjs/lang-sl": {
      "version": "4.25.0",
      "resolved": "https://registry.npmjs.org/@nlpjs/lang-sl/-/lang-sl-4.25.0.tgz",
      "integrity": "sha512-wf9qqMi2X/Bk3Rjt7xZseIPcIjdQUSKCte0SBcjtxC5M+M7qbHXATks3Iqivk+MXo+GWRwcjiLhfNm81RvGFNw==",
      "requires": {
        "@nlpjs/core": "^4.25.0"
      }
    },
    "@nlpjs/lang-sr": {
      "version": "4.25.0",
      "resolved": "https://registry.npmjs.org/@nlpjs/lang-sr/-/lang-sr-4.25.0.tgz",
      "integrity": "sha512-aA5ez+pjWlzmeo70o6ANvRJL3pUOQO4DqWaeya5jf60Piy73756Rp7tpZVws6efqGaWHGUoXfsEk60gqmy8+CQ==",
      "requires": {
        "@nlpjs/core": "^4.25.0"
      }
    },
    "@nlpjs/lang-sv": {
      "version": "4.25.0",
      "resolved": "https://registry.npmjs.org/@nlpjs/lang-sv/-/lang-sv-4.25.0.tgz",
      "integrity": "sha512-vWhFUMj3eAT+ja6HYGk2ezpRxSN4ML6lX7w/Gkjzxefl1cn3EQaBrGWovAAwus1aD/j+Cnk8rsNtw7/+kciw9g==",
      "requires": {
        "@nlpjs/core": "^4.25.0"
      }
    },
    "@nlpjs/lang-ta": {
      "version": "4.25.0",
      "resolved": "https://registry.npmjs.org/@nlpjs/lang-ta/-/lang-ta-4.25.0.tgz",
      "integrity": "sha512-+y0QF+WdxtyM9HjTnQYn9E8pGKz8xgc/BNerLyWjYOxSStGnrl+Uc5AilLDhFqINvdMRg8Ii04dWg3aJEU7eSw==",
      "requires": {
        "@nlpjs/core": "^4.25.0"
      }
    },
    "@nlpjs/lang-th": {
      "version": "4.25.0",
      "resolved": "https://registry.npmjs.org/@nlpjs/lang-th/-/lang-th-4.25.0.tgz",
      "integrity": "sha512-nidb4wFVhmUf438MM4THyuF9ROnO79rZoyjyBdOhP3kdv3zBXJfuB7qqSMYLdxCpo+3MkOP/fg2zKysAd4LGIg==",
      "requires": {
        "@nlpjs/core": "^4.25.0"
      }
    },
    "@nlpjs/lang-tl": {
      "version": "4.25.0",
      "resolved": "https://registry.npmjs.org/@nlpjs/lang-tl/-/lang-tl-4.25.0.tgz",
      "integrity": "sha512-dsKih/pBn2b1wib37rnoQIEOuZryYADOqu+XmNJFSNqN/768U6rEXKHWBTPZPNAdqZnJrdBZu0a5oWeJrdbsIg==",
      "requires": {
        "@nlpjs/core": "^4.25.0"
      }
    },
    "@nlpjs/lang-tr": {
      "version": "4.25.0",
      "resolved": "https://registry.npmjs.org/@nlpjs/lang-tr/-/lang-tr-4.25.0.tgz",
      "integrity": "sha512-PD/gnbJYUyMdFnfZLCuT1gwY3cKaXzG2bzu8oIddP9Fl7StHN5r5OMXVddJnwTQl2WuXx7j5Yutp8NumfoIA6Q==",
      "requires": {
        "@nlpjs/core": "^4.25.0"
      }
    },
    "@nlpjs/lang-uk": {
      "version": "4.25.0",
      "resolved": "https://registry.npmjs.org/@nlpjs/lang-uk/-/lang-uk-4.25.0.tgz",
      "integrity": "sha512-ZMlu49cFmBjyiueDDTpQBik17t3c9UJoi1F5SyD2S2nP8lquJ+7oLskiZ2mBqwVB4+kg065+gIXMaowE0jTf5A==",
      "requires": {
        "@nlpjs/core": "^4.25.0"
      }
    },
    "@nlpjs/lang-zh": {
      "version": "4.25.0",
      "resolved": "https://registry.npmjs.org/@nlpjs/lang-zh/-/lang-zh-4.25.0.tgz",
      "integrity": "sha512-/+yVcyFDPM5U29Bqvbsac+Z61A6D+W4WkSKnwTR4uLKJHs4j79jLVKFrVSRTuILZy9Z+VgjxaDatzvJHGs9I5Q==",
      "requires": {
        "@nlpjs/core": "^4.25.0"
      }
    },
    "@nlpjs/language": {
      "version": "4.25.0",
      "resolved": "https://registry.npmjs.org/@nlpjs/language/-/language-4.25.0.tgz",
      "integrity": "sha512-tUF6QENoUQ/E26RYc32IgsttStSF9cNO4ySN+BQECn8VpjukWdwbMw073MlOLXzjfeobxa+3hCVrmPPcW+V3UA=="
    },
    "@nlpjs/language-min": {
      "version": "4.25.0",
      "resolved": "https://registry.npmjs.org/@nlpjs/language-min/-/language-min-4.25.0.tgz",
      "integrity": "sha512-g8jtbDbqtRm+dlD/1Vnb4VWfKbKteApEGVTqIMxYkk6N/HMhvLZ5J2svrxzrB98a/HZ0fb//YBfFgymnz9Oukg=="
    },
    "@nlpjs/ner": {
      "version": "4.25.0",
      "resolved": "https://registry.npmjs.org/@nlpjs/ner/-/ner-4.25.0.tgz",
      "integrity": "sha512-0ek823i/qsEKUPwBqBI7A8N3O9qWsudipSW1NPObZSBGE7Znvx+69WrOY3k0PRsGyXRPgstTzhqe7FNZvsMiTA==",
      "requires": {
        "@nlpjs/core": "^4.25.0",
        "@nlpjs/language-min": "^4.25.0",
        "@nlpjs/similarity": "^4.22.7"
      }
    },
    "@nlpjs/neural": {
      "version": "4.25.0",
      "resolved": "https://registry.npmjs.org/@nlpjs/neural/-/neural-4.25.0.tgz",
      "integrity": "sha512-Oz20denGiBe0DlQsS7lN4TNrATN1nXlHKc/HB6jJPegjVmgJVCugDaHwIGoV7qOWyA6F2fRRwOgD+quNT2gVpg=="
    },
    "@nlpjs/nlg": {
      "version": "4.25.0",
      "resolved": "https://registry.npmjs.org/@nlpjs/nlg/-/nlg-4.25.0.tgz",
      "integrity": "sha512-/jz/xM26c2Tzz7reyvXZKGYMtA7/DNhVeEgIw7D1it9NhN3rxmXxAXtEnh2Kzajq01/IIrGxI61oGJ++P90loQ==",
      "requires": {
        "@nlpjs/core": "^4.25.0"
      }
    },
    "@nlpjs/nlp": {
      "version": "4.26.0",
      "resolved": "https://registry.npmjs.org/@nlpjs/nlp/-/nlp-4.26.0.tgz",
      "integrity": "sha512-RnOyHHsNhM33ffCF9MuBtP8N0RMulcLShW9m7d+gvb2aYFxD+FSVqbQ/FiTP8sXQ7CAMSXq3TA25cF0UCwaWrQ==",
      "requires": {
        "@nlpjs/core": "^4.25.0",
        "@nlpjs/ner": "^4.25.0",
        "@nlpjs/nlg": "^4.25.0",
        "@nlpjs/nlu": "^4.25.0",
        "@nlpjs/sentiment": "^4.25.0",
        "@nlpjs/slot": "^4.26.0"
      }
    },
    "@nlpjs/nlu": {
      "version": "4.25.0",
      "resolved": "https://registry.npmjs.org/@nlpjs/nlu/-/nlu-4.25.0.tgz",
      "integrity": "sha512-uzb5df9qgvySFXCkVDQR0yfRsS3K1VqYDHo6Ym+EiIP3X47hEo75zWpbZ+CGqsT7W2LLrZPdv05KtnA/wAVdzQ==",
      "requires": {
        "@nlpjs/core": "^4.25.0",
        "@nlpjs/language-min": "^4.25.0",
        "@nlpjs/neural": "^4.25.0",
        "@nlpjs/similarity": "^4.22.7"
      }
    },
    "@nlpjs/request": {
      "version": "4.25.0",
      "resolved": "https://registry.npmjs.org/@nlpjs/request/-/request-4.25.0.tgz",
      "integrity": "sha512-MPVYWfFZY03WyFL7GWkUkv8tw968OXsdxFSJEvjXHzhiCe/vAlPCWbvoR+VnoQTgzLHxs/KIF6sIF2s9AzsLmQ==",
      "requires": {
        "http-proxy-agent": "^5.0.0",
        "https-proxy-agent": "^5.0.0"
      }
    },
    "@nlpjs/sentiment": {
      "version": "4.25.0",
      "resolved": "https://registry.npmjs.org/@nlpjs/sentiment/-/sentiment-4.25.0.tgz",
      "integrity": "sha512-Gl1cmh8meSVXHpIvPzP5RZpB8ECC1cPHdH9gJgvidcNw1xy+TYNbXtu1jG7Bb6BjHrFLkhQuZEg4+4ItuLiWnw==",
      "requires": {
        "@nlpjs/core": "^4.25.0",
        "@nlpjs/language-min": "^4.25.0",
        "@nlpjs/neural": "^4.25.0"
      }
    },
    "@nlpjs/similarity": {
      "version": "4.22.7",
      "resolved": "https://registry.npmjs.org/@nlpjs/similarity/-/similarity-4.22.7.tgz",
      "integrity": "sha512-iWbZz6Yf0sXIiFi2jtdpsCLkOQsXFxT1YME4GysMtJxKiN/Cu4AhXugEiixhacPIPQb8lfouR0dQtSnx+9kW2A=="
    },
    "@nlpjs/slot": {
      "version": "4.26.0",
      "resolved": "https://registry.npmjs.org/@nlpjs/slot/-/slot-4.26.0.tgz",
      "integrity": "sha512-uJX+s2RbUD66L8Pouh1S4Z6CQfwt7hYye4hHvj6JUe65uUlGwfddFIltoaQoo/HUAiyIauqEjiFIwuCsbc4nBg=="
    },
    "@nlpjs/xtables": {
      "version": "4.25.0",
      "resolved": "https://registry.npmjs.org/@nlpjs/xtables/-/xtables-4.25.0.tgz",
      "integrity": "sha512-+baCtMZIp+aDqODLQs8Wyyke5qUqQkL8AGWsZzwYuJV8S7xdW2+XklRnHnkFc3p3foC248TkzG5L8j9r6INOtg==",
      "requires": {
        "xlsx": "^0.18.0"
      }
    },
    "@tootallnate/once": {
      "version": "2.0.0",
      "resolved": "https://registry.npmjs.org/@tootallnate/once/-/once-2.0.0.tgz",
      "integrity": "sha512-XCuKFP5PS55gnMVu3dty8KPatLqUoy/ZYzDzAGCQ8JNFCkLXzmI7vNHCR+XpbZaMWQK/vQubr7PkYq8g470J/A=="
    },
    "adler-32": {
      "version": "1.3.1",
      "resolved": "https://registry.npmjs.org/adler-32/-/adler-32-1.3.1.tgz",
      "integrity": "sha512-ynZ4w/nUUv5rrsR8UUGoe1VC9hZj6V5hU9Qw1HlMDJGEJw5S7TfTErWTjMys6M7vr0YWcPqs3qAr4ss0nDfP+A=="
    },
    "agent-base": {
      "version": "6.0.2",
      "resolved": "https://registry.npmjs.org/agent-base/-/agent-base-6.0.2.tgz",
      "integrity": "sha512-RZNwNclF7+MS/8bDg70amg32dyeZGZxiDuQmZxKLAlQjr3jGyLx+4Kkk58UO7D2QdgFIQCovuSuZESne6RG6XQ==",
      "requires": {
        "debug": "4"
      }
    },
    "async": {
      "version": "2.6.4",
      "resolved": "https://registry.npmjs.org/async/-/async-2.6.4.tgz",
      "integrity": "sha512-mzo5dfJYwAn29PeiJ0zvwTo04zj8HDJj0Mn8TD7sno7q12prdbnasKJHhkm2c1LgrhlJ0teaea8860oxi51mGA==",
      "requires": {
        "lodash": "^4.17.14"
      }
    },
    "asynckit": {
      "version": "0.4.0",
      "resolved": "https://registry.npmjs.org/asynckit/-/asynckit-0.4.0.tgz",
      "integrity": "sha512-Oei9OH4tRh0YqU3GxhX79dM/mwVgvbZJaSNaRk+bshkj0S5cfHcgYakreBjrHwatXKbz+IoIdYLxrKim2MjW0Q=="
    },
    "axios": {
      "version": "1.2.2",
      "resolved": "https://registry.npmjs.org/axios/-/axios-1.2.2.tgz",
      "integrity": "sha512-bz/J4gS2S3I7mpN/YZfGFTqhXTYzRho8Ay38w2otuuDR322KzFIWm/4W2K6gIwvWaws5n+mnb7D1lN9uD+QH6Q==",
      "requires": {
        "follow-redirects": "^1.15.0",
        "form-data": "^4.0.0",
        "proxy-from-env": "^1.1.0"
      }
    },
    "bignumber.js": {
      "version": "7.2.1",
      "resolved": "https://registry.npmjs.org/bignumber.js/-/bignumber.js-7.2.1.tgz",
      "integrity": "sha512-S4XzBk5sMB+Rcb/LNcpzXr57VRTxgAvaAEDAl1AwRx27j00hT84O6OkteE7u8UB3NuaaygCRrEpqox4uDOrbdQ=="
    },
    "cfb": {
      "version": "1.2.2",
      "resolved": "https://registry.npmjs.org/cfb/-/cfb-1.2.2.tgz",
      "integrity": "sha512-KfdUZsSOw19/ObEWasvBP/Ac4reZvAGauZhs6S/gqNhXhI7cKwvlH7ulj+dOEYnca4bm4SGo8C1bTAQvnTjgQA==",
      "requires": {
        "adler-32": "~1.3.0",
        "crc-32": "~1.2.0"
      }
    },
    "codepage": {
      "version": "1.15.0",
      "resolved": "https://registry.npmjs.org/codepage/-/codepage-1.15.0.tgz",
      "integrity": "sha512-3g6NUTPd/YtuuGrhMnOMRjFc+LJw/bnMp3+0r/Wcz3IXUuCosKRJvMphm5+Q+bvTVGcJJuRvVLuYba+WojaFaA=="
    },
    "combined-stream": {
      "version": "1.0.8",
      "resolved": "https://registry.npmjs.org/combined-stream/-/combined-stream-1.0.8.tgz",
      "integrity": "sha512-FQN4MRfuJeHf7cBbBMJFXhKSDq+2kAArBlmRBvcvFE5BB1HZKXtSFASDhdlz9zOYwxh8lDdnvmMOe/+5cdoEdg==",
      "requires": {
        "delayed-stream": "~1.0.0"
      }
    },
    "crc-32": {
      "version": "1.2.2",
      "resolved": "https://registry.npmjs.org/crc-32/-/crc-32-1.2.2.tgz",
      "integrity": "sha512-ROmzCKrTnOwybPcJApAA6WBWij23HVfGVNKqqrZpuyZOHqK2CwHSvpGuyt/UNNvaIjEd8X5IFGp4Mh+Ie1IHJQ=="
    },
    "csv-parse": {
      "version": "5.3.3",
      "resolved": "https://registry.npmjs.org/csv-parse/-/csv-parse-5.3.3.tgz",
      "integrity": "sha512-kEWkAPleNEdhFNkHQpFHu9RYPogsFj3dx6bCxL847fsiLgidzWg0z/O0B1kVWMJUc5ky64zGp18LX2T3DQrOfw=="
    },
    "debug": {
      "version": "4.3.4",
      "resolved": "https://registry.npmjs.org/debug/-/debug-4.3.4.tgz",
      "integrity": "sha512-PRWFHuSU3eDtQJPvnNY7Jcket1j0t5OuOsFzPPzsekD52Zl8qUfFIPEiswXqIvHWGVHOgX+7G/vCNNhehwxfkQ==",
      "requires": {
        "ms": "2.1.2"
      }
    },
    "deep-is": {
      "version": "0.1.4",
      "resolved": "https://registry.npmjs.org/deep-is/-/deep-is-0.1.4.tgz",
      "integrity": "sha512-oIPzksmTg4/MriiaYGO+okXDT7ztn/w3Eptv/+gSIdMdKsJo0u4CfYNFJPy+4SKMuCqGw2wxnA+URMg3t8a/bQ=="
    },
    "delayed-stream": {
      "version": "1.0.0",
      "resolved": "https://registry.npmjs.org/delayed-stream/-/delayed-stream-1.0.0.tgz",
      "integrity": "sha512-ZySD7Nf91aLB0RxL4KGrKHBXl7Eds1DAmEdcoVawXnLD7SDhpNgtuII2aAkg7a7QS41jxPSZ17p4VdGnMHk3MQ=="
    },
    "doublearray": {
      "version": "0.0.2",
      "resolved": "https://registry.npmjs.org/doublearray/-/doublearray-0.0.2.tgz",
      "integrity": "sha512-aw55FtZzT6AmiamEj2kvmR6BuFqvYgKZUkfQ7teqVRNqD5UE0rw8IeW/3gieHNKQ5sPuDKlljWEn4bzv5+1bHw=="
    },
    "escodegen": {
      "version": "2.0.0",
      "resolved": "https://registry.npmjs.org/escodegen/-/escodegen-2.0.0.tgz",
      "integrity": "sha512-mmHKys/C8BFUGI+MAWNcSYoORYLMdPzjrknd2Vc+bUsjN5bXcr8EhrNB+UTqfL1y3I9c4fw2ihgtMPQLBRiQxw==",
      "requires": {
        "esprima": "^4.0.1",
        "estraverse": "^5.2.0",
        "esutils": "^2.0.2",
        "optionator": "^0.8.1",
        "source-map": "~0.6.1"
      }
    },
    "esprima": {
      "version": "4.0.1",
      "resolved": "https://registry.npmjs.org/esprima/-/esprima-4.0.1.tgz",
      "integrity": "sha512-eGuFFw7Upda+g4p+QHvnW0RyTX/SVeJBDM/gCtMARO0cLuT2HcEKnTPvhjV6aGeqrCB/sbNop0Kszm0jsaWU4A=="
    },
    "estraverse": {
      "version": "5.3.0",
      "resolved": "https://registry.npmjs.org/estraverse/-/estraverse-5.3.0.tgz",
      "integrity": "sha512-MMdARuVEQziNTeJD8DgMqmhwR11BRQ/cBP+pLtYdSTnf3MIO8fFeiINEbX36ZdNlfU/7A9f3gUw49B3oQsvwBA=="
    },
    "esutils": {
      "version": "2.0.3",
      "resolved": "https://registry.npmjs.org/esutils/-/esutils-2.0.3.tgz",
      "integrity": "sha512-kVscqXk4OCp68SZ0dkgEKVi6/8ij300KBWTJq32P/dYeWTSwK41WyTxalN1eRmA5Z9UU/LX9D7FWSmV9SAYx6g=="
    },
    "fast-levenshtein": {
      "version": "2.0.6",
      "resolved": "https://registry.npmjs.org/fast-levenshtein/-/fast-levenshtein-2.0.6.tgz",
      "integrity": "sha512-DCXu6Ifhqcks7TZKY3Hxp3y6qphY5SJZmrWMDrKcERSOXWQdMhU9Ig/PYrzyw/ul9jOIyh0N4M0tbC5hodg8dw=="
    },
    "follow-redirects": {
      "version": "1.15.2",
      "resolved": "https://registry.npmjs.org/follow-redirects/-/follow-redirects-1.15.2.tgz",
      "integrity": "sha512-VQLG33o04KaQ8uYi2tVNbdrWp1QWxNNea+nmIB4EVM28v0hmP17z7aG1+wAkNzVq4KeXTq3221ye5qTJP91JwA=="
    },
    "form-data": {
      "version": "4.0.0",
      "resolved": "https://registry.npmjs.org/form-data/-/form-data-4.0.0.tgz",
      "integrity": "sha512-ETEklSGi5t0QMZuiXoA/Q6vcnxcLQP5vdugSpuAyi6SVGi2clPPp+xgEhuMaHC+zGgn31Kd235W35f7Hykkaww==",
      "requires": {
        "asynckit": "^0.4.0",
        "combined-stream": "^1.0.8",
        "mime-types": "^2.1.12"
      }
    },
    "frac": {
      "version": "1.1.2",
      "resolved": "https://registry.npmjs.org/frac/-/frac-1.1.2.tgz",
      "integrity": "sha512-w/XBfkibaTl3YDqASwfDUqkna4Z2p9cFSr1aHDt0WoMTECnRfBOv2WArlZILlqgWlmdIlALXGpM2AOhEk5W3IA=="
    },
    "grapheme-splitter": {
      "version": "1.0.4",
      "resolved": "https://registry.npmjs.org/grapheme-splitter/-/grapheme-splitter-1.0.4.tgz",
      "integrity": "sha512-bzh50DW9kTPM00T8y4o8vQg89Di9oLJVLW/KaOGIXJWP/iqCN6WKYkbNOF04vFLJhwcpYUh9ydh/+5vpOqV4YQ=="
    },
    "http-proxy-agent": {
      "version": "5.0.0",
      "resolved": "https://registry.npmjs.org/http-proxy-agent/-/http-proxy-agent-5.0.0.tgz",
      "integrity": "sha512-n2hY8YdoRE1i7r6M0w9DIw5GgZN0G25P8zLCRQ8rjXtTU3vsNFBI/vWK/UIeE6g5MUUz6avwAPXmL6Fy9D/90w==",
      "requires": {
        "@tootallnate/once": "2",
        "agent-base": "6",
        "debug": "4"
      }
    },
    "https-proxy-agent": {
      "version": "5.0.1",
      "resolved": "https://registry.npmjs.org/https-proxy-agent/-/https-proxy-agent-5.0.1.tgz",
      "integrity": "sha512-dFcAjpTQFgoLMzC2VwU+C/CbS7uRL0lWmxDITmqm7C+7F0Odmj6s9l6alZc6AELXhrnggM2CeWSXHGOdX2YtwA==",
      "requires": {
        "agent-base": "6",
        "debug": "4"
      }
    },
    "kuromoji": {
      "version": "0.1.2",
      "resolved": "https://registry.npmjs.org/kuromoji/-/kuromoji-0.1.2.tgz",
      "integrity": "sha512-V0dUf+C2LpcPEXhoHLMAop/bOht16Dyr+mDiIE39yX3vqau7p80De/koFqpiTcL1zzdZlc3xuHZ8u5gjYRfFaQ==",
      "requires": {
        "async": "^2.0.1",
        "doublearray": "0.0.2",
        "zlibjs": "^0.3.1"
      }
    },
    "levn": {
      "version": "0.3.0",
      "resolved": "https://registry.npmjs.org/levn/-/levn-0.3.0.tgz",
      "integrity": "sha512-0OO4y2iOHix2W6ujICbKIaEQXvFQHue65vUG3pb5EUomzPI90z9hsA1VsO/dbIIpC53J8gxM9Q4Oho0jrCM/yA==",
      "requires": {
        "prelude-ls": "~1.1.2",
        "type-check": "~0.3.2"
      }
    },
    "lodash": {
      "version": "4.17.21",
      "resolved": "https://registry.npmjs.org/lodash/-/lodash-4.17.21.tgz",
      "integrity": "sha512-v2kDEe57lecTulaDIuNTPy3Ry4gLGJ6Z1O3vE1krgXZNrsQ+LFTGHVxVjcXPs17LhbZVGedAJv8XZ1tvj5FvSg=="
    },
    "lodash.escaperegexp": {
      "version": "4.1.2",
      "resolved": "https://registry.npmjs.org/lodash.escaperegexp/-/lodash.escaperegexp-4.1.2.tgz",
      "integrity": "sha512-TM9YBvyC84ZxE3rgfefxUWiQKLilstD6k7PTGt6wfbtXF8ixIJLOL3VYyV/z+ZiPLsVxAsKAFVwWlWeb2Y8Yyw=="
    },
    "lodash.isequal": {
      "version": "4.5.0",
      "resolved": "https://registry.npmjs.org/lodash.isequal/-/lodash.isequal-4.5.0.tgz",
      "integrity": "sha512-pDo3lu8Jhfjqls6GkMgpahsF9kCyayhgykjyLMNFTKWrpVdAQtYyB4muAMWozBB4ig/dtWAmsMxLEI8wuz+DYQ=="
    },
    "lodash.last": {
      "version": "3.0.0",
      "resolved": "https://registry.npmjs.org/lodash.last/-/lodash.last-3.0.0.tgz",
      "integrity": "sha512-14mq7rSkCxG4XMy9lF2FbIOqqgF0aH0NfPuQ3LPR3vIh0kHnUvIYP70dqa1Hf47zyXfQ8FzAg0MYOQeSuE1R7A=="
    },
    "lodash.max": {
      "version": "4.0.1",
      "resolved": "https://registry.npmjs.org/lodash.max/-/lodash.max-4.0.1.tgz",
      "integrity": "sha512-iykTDTb7PK33HSQmKy34zv+hh4WEu7WonJPXQcgODzUbbtradtNs8RsD/GI7XV++60KaKR1xhW56N4ISqHesfQ=="
    },
    "lodash.sortby": {
      "version": "4.7.0",
      "resolved": "https://registry.npmjs.org/lodash.sortby/-/lodash.sortby-4.7.0.tgz",
      "integrity": "sha512-HDWXG8isMntAyRF5vZ7xKuEvOhT4AhlRt/3czTSjvGUxjYCBVRQY48ViDHyfYz9VIoBkW4TMGQNapx+l3RUwdA=="
    },
    "lodash.tonumber": {
      "version": "4.0.3",
      "resolved": "https://registry.npmjs.org/lodash.tonumber/-/lodash.tonumber-4.0.3.tgz",
      "integrity": "sha512-SY0SwuPOHRwKcCNTdsntPYb+Zddz5mDUIVFABzRMqmAiL41pMeyoQFGxYAw5zdc9NnH4pbJqiqqp5ckfxa+zSA=="
    },
    "lodash.trimend": {
      "version": "4.5.1",
      "resolved": "https://registry.npmjs.org/lodash.trimend/-/lodash.trimend-4.5.1.tgz",
      "integrity": "sha512-lsD+k73XztDsMBKPKvzHXRKFNMohTjoTKIIo4ADLn5dA65LZ1BqlAvSXhR2rPEC3BgAUQnzMnorqDtqn2z4IHA=="
    },
    "mime-db": {
      "version": "1.52.0",
      "resolved": "https://registry.npmjs.org/mime-db/-/mime-db-1.52.0.tgz",
      "integrity": "sha512-sPU4uV7dYlvtWJxwwxHD0PuihVNiE7TyAbQ5SWxDCB9mUYvOgroQOwYQQOKPJ8CIbE+1ETVlOoK1UC2nU3gYvg=="
    },
    "mime-types": {
      "version": "2.1.35",
      "resolved": "https://registry.npmjs.org/mime-types/-/mime-types-2.1.35.tgz",
      "integrity": "sha512-ZDY+bPm5zTTF+YpCrAU9nK0UgICYPT0QtT1NZWFv4s++TNkcgVaT0g6+4R2uI4MjQjzysHB1zxuWL50hzaeXiw==",
      "requires": {
        "mime-db": "1.52.0"
      }
    },
    "ms": {
      "version": "2.1.2",
      "resolved": "https://registry.npmjs.org/ms/-/ms-2.1.2.tgz",
      "integrity": "sha512-sGkPx+VjMtmA6MX27oA4FBFELFCZZ4S4XqeGOXCv68tT+jb3vk/RyaKWP0PTKyWtmLSM0b+adUTEvbs1PEaH2w=="
    },
    "node-nlp": {
      "version": "4.26.0",
      "resolved": "https://registry.npmjs.org/node-nlp/-/node-nlp-4.26.0.tgz",
      "integrity": "sha512-DxzM3vAPg+jgNRywWRWzcWK+DR+ux/Ulz1FfdqbU1dLXtlnE+c0KhdOICi548hqz0pJjf2YuKdB4ht8bF/Ixmg==",
      "requires": {
        "@nlpjs/builtin-duckling": "^4.25.0",
        "@nlpjs/builtin-microsoft": "^4.25.0",
        "@nlpjs/core-loader": "^4.25.0",
        "@nlpjs/emoji": "^4.25.0",
        "@nlpjs/evaluator": "^4.26.0",
        "@nlpjs/lang-all": "^4.25.0",
        "@nlpjs/language": "^4.25.0",
        "@nlpjs/neural": "^4.25.0",
        "@nlpjs/nlg": "^4.25.0",
        "@nlpjs/nlp": "^4.26.0",
        "@nlpjs/nlu": "^4.25.0",
        "@nlpjs/request": "^4.25.0",
        "@nlpjs/sentiment": "^4.25.0",
        "@nlpjs/similarity": "^4.22.7",
        "@nlpjs/xtables": "^4.25.0"
      }
    },
    "optionator": {
      "version": "0.8.3",
      "resolved": "https://registry.npmjs.org/optionator/-/optionator-0.8.3.tgz",
      "integrity": "sha512-+IW9pACdk3XWmmTXG8m3upGUJst5XRGzxMRjXzAuJ1XnIFNvfhjjIuYkDvysnPQ7qzqVzLt78BCruntqRhWQbA==",
      "requires": {
        "deep-is": "~0.1.3",
        "fast-levenshtein": "~2.0.6",
        "levn": "~0.3.0",
        "prelude-ls": "~1.1.2",
        "type-check": "~0.3.2",
        "word-wrap": "~1.2.3"
      }
    },
    "prelude-ls": {
      "version": "1.1.2",
      "resolved": "https://registry.npmjs.org/prelude-ls/-/prelude-ls-1.1.2.tgz",
      "integrity": "sha512-ESF23V4SKG6lVSGZgYNpbsiaAkdab6ZgOxe52p7+Kid3W3u3bxR4Vfd/o21dmN7jSt0IwgZ4v5MUd26FEtXE9w=="
    },
    "proxy-from-env": {
      "version": "1.1.0",
      "resolved": "https://registry.npmjs.org/proxy-from-env/-/proxy-from-env-1.1.0.tgz",
      "integrity": "sha512-D+zkORCbA9f1tdWRK0RaCR3GPv50cMxcrz4X8k5LTSUD1Dkw47mKJEZQNunItRTkWwgtaUSo1RVFRIG9ZXiFYg=="
    },
    "source-map": {
      "version": "0.6.1",
      "resolved": "https://registry.npmjs.org/source-map/-/source-map-0.6.1.tgz",
      "integrity": "sha512-UjgapumWlbMhkBgzT7Ykc5YXUT46F0iKu8SGXq0bcwP5dz/h0Plj6enJqjz1Zbq2l5WaqYnrVbwWOWMyF3F47g==",
      "optional": true
    },
    "ssf": {
      "version": "0.11.2",
      "resolved": "https://registry.npmjs.org/ssf/-/ssf-0.11.2.tgz",
      "integrity": "sha512-+idbmIXoYET47hH+d7dfm2epdOMUDjqcB4648sTZ+t2JwoyBFL/insLfB/racrDmsKB3diwsDA696pZMieAC5g==",
      "requires": {
        "frac": "~1.1.2"
      }
    },
    "type-check": {
      "version": "0.3.2",
      "resolved": "https://registry.npmjs.org/type-check/-/type-check-0.3.2.tgz",
      "integrity": "sha512-ZCmOJdvOWDBYJlzAoFkC+Q0+bUyEOS1ltgp1MGU03fqHG+dbi9tBFU2Rd9QKiDZFAYrhPh2JUf7rZRIuHRKtOg==",
      "requires": {
        "prelude-ls": "~1.1.2"
      }
    },
    "wmf": {
      "version": "1.0.2",
      "resolved": "https://registry.npmjs.org/wmf/-/wmf-1.0.2.tgz",
      "integrity": "sha512-/p9K7bEh0Dj6WbXg4JG0xvLQmIadrner1bi45VMJTfnbVHsc7yIajZyoSoK60/dtVBs12Fm6WkUI5/3WAVsNMw=="
    },
    "word": {
      "version": "0.3.0",
      "resolved": "https://registry.npmjs.org/word/-/word-0.3.0.tgz",
      "integrity": "sha512-OELeY0Q61OXpdUfTp+oweA/vtLVg5VDOXh+3he3PNzLGG/y0oylSOC1xRVj0+l4vQ3tj/bB1HVHv1ocXkQceFA=="
    },
    "word-wrap": {
      "version": "1.2.3",
      "resolved": "https://registry.npmjs.org/word-wrap/-/word-wrap-1.2.3.tgz",
      "integrity": "sha512-Hz/mrNwitNRh/HUAtM/VT/5VH+ygD6DV7mYKZAtHOrbs8U7lvPS6xf7EJKMF0uW1KJCl0H701g3ZGus+muE5vQ=="
    },
    "xlsx": {
      "version": "0.18.5",
      "resolved": "https://registry.npmjs.org/xlsx/-/xlsx-0.18.5.tgz",
      "integrity": "sha512-dmg3LCjBPHZnQp5/F/+nnTa+miPJxUXB6vtk42YjBBKayDNagxGEeIdWApkYPOf3Z3pm3k62Knjzp7lMeTEtFQ==",
      "requires": {
        "adler-32": "~1.3.0",
        "cfb": "~1.2.1",
        "codepage": "~1.15.0",
        "crc-32": "~1.2.1",
        "ssf": "~0.11.2",
        "wmf": "~1.0.1",
        "word": "~0.3.0"
      }
    },
    "zlibjs": {
      "version": "0.3.1",
      "resolved": "https://registry.npmjs.org/zlibjs/-/zlibjs-0.3.1.tgz",
      "integrity": "sha512-+J9RrgTKOmlxFSDHo0pI1xM6BLVUv+o0ZT9ANtCxGkjIVCCUdx9alUF8Gm+dGLKbkkkidWIHFDZHDMpfITt4+w=="
    }
  }
}
